
Microsoft Visual Studio Solution File, Format Version 12.00
# Visual Studio Version 17
VisualStudioVersion = 17.3.32825.248
MinimumVisualStudioVersion = 10.0.40219.1
Project("{FAE04EC0-301F-11D3-BF4B-00C04F79EFBC}") = "практика 3", "практика 3.csproj", "{371391C8-6A0D-4350-8E18-586ADB90A16E}"
EndProject
Global
	GlobalSection(SolutionConfigurationPlatforms) = preSolution
		Debug|Any CPU = Debug|Any CPU
		Release|Any CPU = Release|Any CPU
	EndGlobalSection
	GlobalSection(ProjectConfigurationPlatforms) = postSolution
		{371391C8-6A0D-4350-8E18-586ADB90A16E}.Debug|Any CPU.ActiveCfg = Debug|Any CPU
		{371391C8-6A0D-4350-8E18-586ADB90A16E}.Debug|Any CPU.Build.0 = Debug|Any CPU
		{371391C8-6A0D-4350-8E18-586ADB90A16E}.Release|Any CPU.ActiveCfg = Release|Any CPU
		{371391C8-6A0D-4350-8E18-586ADB90A16E}.Release|Any CPU.Build.0 = Release|Any CPU
	EndGlobalSection
	GlobalSection(SolutionProperties) = preSolution
		HideSolutionNode = FALSE
	EndGlobalSection
	GlobalSection(ExtensibilityGlobals) = postSolution
		SolutionGuid = {8695662A-638E-4F54-967C-00302D6F96DE}
	EndGlobalSection
EndGlobal
